# This file is automatically @generated by Poetry 1.7.1 and should not be changed by hand.

[[package]]
name = "arrays"
version = "0.0.5"
description = "Python library for storing and reading stored arrays."
optional = false
python-versions = "*"
files = [
    {file = "Arrays-0.0.5-py3-none-any.whl", hash = "sha256:d1466210466a5bebbc64278b6db878b5691b6b1eff892ee2e544d88a14a34aec"},
    {file = "Arrays-0.0.5.tar.gz", hash = "sha256:f67217ce631878a4aae2352a5d2d45045438c7f4fd15b37745a7793e0d8dbd02"},
]

[metadata]
lock-version = "2.0"
python-versions = "^3.10"
content-hash = "b5918e588ecc25c958656649025721221c2f6ea5486a01a50aa0bb334c746628"
